# This file was autogenerated by Stack.
# You should not edit this file by hand.
# For more information, please see the documentation at:
#   https://docs.haskellstack.org/en/stable/topics/lock_files

packages:
- completed:
    hackage: profunctors-5.5.1@sha256:48a53d69f997693db6b3fd339e92edea7776420ace5101737f037b04306096a7,2075
    pantry-tree:
      sha256: 92ffca6876a8304bcb76d1d98b4a31a422b33e96e84c87356adca87925e17856
      size: 1639
  original:
    hackage: profunctors-5.5.1@sha256:48a53d69f997693db6b3fd339e92edea7776420ace5101737f037b04306096a7
- completed:
    hackage: hedgehog-1.0.1@sha256:2580f9931286292a1fcc0d322c7a11c47608f1f839b495765808c172e54c6346,4307
    pantry-tree:
      sha256: 847f2fdd2aa4553409be52092e05a3e02adeb7563c397c9606ab15ec5cb4a5c3
      size: 2409
  original:
    hackage: hedgehog-1.0.1@sha256:2580f9931286292a1fcc0d322c7a11c47608f1f839b495765808c172e54c6346,4307
- completed:
    name: these-skinny
    pantry-tree:
      sha256: 16a4e9983c096e4a31b8a77770826598eda201f825abf30c5bdb4009c7134d69
      size: 359
    sha256: 6bf4cb8e6effa38878809b129339215326a7de8c701be3accf1abe337cf031b4
    size: 4703
    url: https://github.com/chessai/these-skinny/archive/2f20555fcd06612af8c88ccaaa5610307f2427ec.tar.gz
    version: 0.7.4
  original:
    url: https://github.com/chessai/these-skinny/archive/2f20555fcd06612af8c88ccaaa5610307f2427ec.tar.gz
- completed:
    name: lawz
    pantry-tree:
      sha256: 402ef62a07276d4c77a55d33eaef30e1d3dbcfb46e804ac85b41e053905ad1d1
      size: 1595
    sha256: 37c732018fd737ddfde5d129ca3b7dd95cca622dd73a88c3f60bb8ae518c58f1
    size: 7463
    url: https://github.com/cmk/lawz/archive/55c8dcdc6322f7c35c8568e1317afb5d35c3963d.tar.gz
    version: 0.1.1
  original:
    url: https://github.com/cmk/lawz/archive/55c8dcdc6322f7c35c8568e1317afb5d35c3963d.tar.gz
- completed:
    name: coapplicative
    pantry-tree:
      sha256: 65d0e52a6f229c22f68e9b0ced5e32a357fc32c48172bb480a40f379e5d762ed
      size: 447
    sha256: ad6e38e355e80a7420a522e2f985d13b79dc09fe7b6390d549deb2f025785a77
    size: 6415
    url: https://github.com/cmk/coapplicative/archive/9ef7978e44887246cc8b7bb54c8b292c246130aa.tar.gz
    version: 0.0.1
  original:
    url: https://github.com/cmk/coapplicative/archive/9ef7978e44887246cc8b7bb54c8b292c246130aa.tar.gz
snapshots:
- completed:
    sha256: 646be71223e08234131c6989912e6011e01b9767bc447b6d466a35e14360bdf2
    size: 524789
    url: https://raw.githubusercontent.com/commercialhaskell/stackage-snapshots/master/lts/14/18.yaml
  original: lts-14.18
